
Microsoft Visual Studio Solution File, Format Version 12.00
# Visual Studio Version 16
VisualStudioVersion = 16.0.31515.178
MinimumVisualStudioVersion = 10.0.40219.1
Project("{FAE04EC0-301F-11D3-BF4B-00C04F79EFBC}") = "EasyCSharp", "EasyCSharp\EasyCSharp.csproj", "{86461932-6459-44C2-BDB4-578830FDFF0A}"
EndProject
Global
	GlobalSection(SolutionConfigurationPlatforms) = preSolution
		Debug|Any CPU = Debug|Any CPU
		Release|Any CPU = Release|Any CPU
	EndGlobalSection
	GlobalSection(ProjectConfigurationPlatforms) = postSolution
		{86461932-6459-44C2-BDB4-578830FDFF0A}.Debug|Any CPU.ActiveCfg = Debug|Any CPU
		{86461932-6459-44C2-BDB4-578830FDFF0A}.Debug|Any CPU.Build.0 = Debug|Any CPU
		{86461932-6459-44C2-BDB4-578830FDFF0A}.Release|Any CPU.ActiveCfg = Release|Any CPU
		{86461932-6459-44C2-BDB4-578830FDFF0A}.Release|Any CPU.Build.0 = Release|Any CPU
	EndGlobalSection
	GlobalSection(SolutionProperties) = preSolution
		HideSolutionNode = FALSE
	EndGlobalSection
	GlobalSection(ExtensibilityGlobals) = postSolution
		SolutionGuid = {E8BEB3D4-2BDA-494C-A793-316992733BAE}
	EndGlobalSection
EndGlobal
